// !$*UTF8*$!
{
	archiveVersion = 1;
	classes = {
	};
	objectVersion = 46;
	objects = {

/* Begin PBXBuildFile section */
		19A170C918E7297B63E9603F /* SPLoadingCell.m in Sources */ = {isa = PBXBuildFile; fileRef = 19A173B138A7F5D80A83F394 /* SPLoadingCell.m */; };
		19A1718129D1619D004209B9 /* SPOfferTableViewCell.m in Sources */ = {isa = PBXBuildFile; fileRef = 19A178A618C75EA568F6DF9F /* SPOfferTableViewCell.m */; };
		19A171853A72037548C516B2 /* SPOfferTypesView.m in Sources */ = {isa = PBXBuildFile; fileRef = 19A179D8DB53488745EC2830 /* SPOfferTypesView.m */; };
		19A171CA5D44E71CBB4D2338 /* response.json in Resources */ = {isa = PBXBuildFile; fileRef = 19A1779169A09053F06DE811 /* response.json */; };
		19A172EE61BB6312C22AA9C7 /* SPAppDelegate.m in Sources */ = {isa = PBXBuildFile; fileRef = 19A17571C16C9A448B5E32CD /* SPAppDelegate.m */; };
		19A1745E5C86DBC768D9103B /* UIColor+SPStyle.m in Sources */ = {isa = PBXBuildFile; fileRef = 19A171453AD78D940CFDCF71 /* UIColor+SPStyle.m */; };
		19A17743B577C0C1123DE11F /* NSNumber+SPFormat.m in Sources */ = {isa = PBXBuildFile; fileRef = 19A17CCDF5F8298F154E4424 /* NSNumber+SPFormat.m */; };
		19A17840B00A051C29797F11 /* Localizable.strings in Resources */ = {isa = PBXBuildFile; fileRef = 19A173A9F81B54EE54BDC0F4 /* Localizable.strings */; };
		19A17A264EF9861C3192E34B /* SPOfferTypeLabel.m in Sources */ = {isa = PBXBuildFile; fileRef = 19A17CC287012F6838D1B2A1 /* SPOfferTypeLabel.m */; };
		19A17C77852621C0C1918DC0 /* SPSettingsViewController.m in Sources */ = {isa = PBXBuildFile; fileRef = 19A17F16FAB6BE8CEBC218FA /* SPSettingsViewController.m */; };
		19A17E3B39DE9C0A3F709F75 /* SPOffersViewController.m in Sources */ = {isa = PBXBuildFile; fileRef = 19A1736AD0692F49F835442A /* SPOffersViewController.m */; };
		19A17EB4ADD0BD9F97A343D7 /* UIFont+SPStyle.m in Sources */ = {isa = PBXBuildFile; fileRef = 19A17F355B0D6A69CA70B36A /* UIFont+SPStyle.m */; };
		3DB92DD219082E27009124AE /* Foundation.framework in Frameworks */ = {isa = PBXBuildFile; fileRef = 3DB92DD119082E27009124AE /* Foundation.framework */; };
		3DB92DD419082E27009124AE /* CoreGraphics.framework in Frameworks */ = {isa = PBXBuildFile; fileRef = 3DB92DD319082E27009124AE /* CoreGraphics.framework */; };
		3DB92DD619082E27009124AE /* UIKit.framework in Frameworks */ = {isa = PBXBuildFile; fileRef = 3DB92DD519082E27009124AE /* UIKit.framework */; };
		3DB92DDC19082E27009124AE /* InfoPlist.strings in Resources */ = {isa = PBXBuildFile; fileRef = 3DB92DDA19082E27009124AE /* InfoPlist.strings */; };
		3DB92DDE19082E27009124AE /* main.m in Sources */ = {isa = PBXBuildFile; fileRef = 3DB92DDD19082E27009124AE /* main.m */; };
		3DB92DE419082E27009124AE /* Images.xcassets in Resources */ = {isa = PBXBuildFile; fileRef = 3DB92DE319082E27009124AE /* Images.xcassets */; };
		3DB92DEB19082E27009124AE /* XCTest.framework in Frameworks */ = {isa = PBXBuildFile; fileRef = 3DB92DEA19082E27009124AE /* XCTest.framework */; };
		3DB92DEC19082E27009124AE /* Foundation.framework in Frameworks */ = {isa = PBXBuildFile; fileRef = 3DB92DD119082E27009124AE /* Foundation.framework */; };
		3DB92DED19082E27009124AE /* UIKit.framework in Frameworks */ = {isa = PBXBuildFile; fileRef = 3DB92DD519082E27009124AE /* UIKit.framework */; };
		3DB92DF519082E27009124AE /* InfoPlist.strings in Resources */ = {isa = PBXBuildFile; fileRef = 3DB92DF319082E27009124AE /* InfoPlist.strings */; };
		3DB92DF719082E27009124AE /* SponsorPayAppTests.m in Sources */ = {isa = PBXBuildFile; fileRef = 3DB92DF619082E27009124AE /* SponsorPayAppTests.m */; };
		3DB92E01190834DD009124AE /* libSponsorPaySDK.a in Frameworks */ = {isa = PBXBuildFile; fileRef = 3DB92E00190834DD009124AE /* libSponsorPaySDK.a */; };
		3DBC5B4F190BDD7D002A4EC9 /* AdSupport.framework in Frameworks */ = {isa = PBXBuildFile; fileRef = 3DBC5B4E190BDD7D002A4EC9 /* AdSupport.framework */; };
		3DBC5B54190BF56A002A4EC9 /* SDWebImage.framework in Frameworks */ = {isa = PBXBuildFile; fileRef = 3DBC5B53190BF56A002A4EC9 /* SDWebImage.framework */; };
		3DBC5B56190BF751002A4EC9 /* ImageIO.framework in Frameworks */ = {isa = PBXBuildFile; fileRef = 3DBC5B55190BF751002A4EC9 /* ImageIO.framework */; };
		D91FCCF82B9BBA66EFF0AE30 /* NSError+SPUIError.m in Sources */ = {isa = PBXBuildFile; fileRef = D91FC60E8EB8F803EE9B6772 /* NSError+SPUIError.m */; };
/* End PBXBuildFile section */

/* Begin PBXContainerItemProxy section */
		3DB92DEE19082E27009124AE /* PBXContainerItemProxy */ = {
			isa = PBXContainerItemProxy;
			containerPortal = 3DB92DC619082E27009124AE /* Project object */;
			proxyType = 1;
			remoteGlobalIDString = 3DB92DCD19082E27009124AE;
			remoteInfo = SponsorPayApp;
		};
/* End PBXContainerItemProxy section */

/* Begin PBXFileReference section */
		19A1706C138EE926A8878537 /* SPOfferTypesView.h */ = {isa = PBXFileReference; fileEncoding = 4; lastKnownFileType = sourcecode.c.h; path = SPOfferTypesView.h; sourceTree = "<group>"; };
		19A171453AD78D940CFDCF71 /* UIColor+SPStyle.m */ = {isa = PBXFileReference; fileEncoding = 4; lastKnownFileType = sourcecode.c.objc; path = "UIColor+SPStyle.m"; sourceTree = "<group>"; };
		19A1736AD0692F49F835442A /* SPOffersViewController.m */ = {isa = PBXFileReference; fileEncoding = 4; lastKnownFileType = sourcecode.c.objc; path = SPOffersViewController.m; sourceTree = "<group>"; };
		19A173A9F81B54EE54BDC0F4 /* Localizable.strings */ = {isa = PBXFileReference; fileEncoding = 4; lastKnownFileType = text.plist.strings; name = Localizable.strings; path = ../Sources/Controllers/Localizable.strings; sourceTree = "<group>"; };
		19A173B138A7F5D80A83F394 /* SPLoadingCell.m */ = {isa = PBXFileReference; fileEncoding = 4; lastKnownFileType = sourcecode.c.objc; path = SPLoadingCell.m; sourceTree = "<group>"; };
		19A1751AEC0D62F51C9AAE94 /* SPOfferTableViewCell.h */ = {isa = PBXFileReference; fileEncoding = 4; lastKnownFileType = sourcecode.c.h; path = SPOfferTableViewCell.h; sourceTree = "<group>"; };
		19A17571C16C9A448B5E32CD /* SPAppDelegate.m */ = {isa = PBXFileReference; fileEncoding = 4; lastKnownFileType = sourcecode.c.objc; path = SPAppDelegate.m; sourceTree = "<group>"; };
		19A176C096AF3A5F926EA0AD /* SPAppDelegate.h */ = {isa = PBXFileReference; fileEncoding = 4; lastKnownFileType = sourcecode.c.h; path = SPAppDelegate.h; sourceTree = "<group>"; };
		19A1779169A09053F06DE811 /* response.json */ = {isa = PBXFileReference; lastKnownFileType = file.json; path = response.json; sourceTree = "<group>"; };
		19A178A618C75EA568F6DF9F /* SPOfferTableViewCell.m */ = {isa = PBXFileReference; fileEncoding = 4; lastKnownFileType = sourcecode.c.objc; path = SPOfferTableViewCell.m; sourceTree = "<group>"; };
		19A179D8DB53488745EC2830 /* SPOfferTypesView.m */ = {isa = PBXFileReference; fileEncoding = 4; lastKnownFileType = sourcecode.c.objc; path = SPOfferTypesView.m; sourceTree = "<group>"; };
		19A17A38EEE3D52C8AF833CE /* SPOfferTypeLabel.h */ = {isa = PBXFileReference; fileEncoding = 4; lastKnownFileType = sourcecode.c.h; path = SPOfferTypeLabel.h; sourceTree = "<group>"; };
		19A17ABCF2A02B6974F278A4 /* SPLoadingCell.h */ = {isa = PBXFileReference; fileEncoding = 4; lastKnownFileType = sourcecode.c.h; path = SPLoadingCell.h; sourceTree = "<group>"; };
		19A17C3B9034D4BBBD850F10 /* UIColor+SPStyle.h */ = {isa = PBXFileReference; fileEncoding = 4; lastKnownFileType = sourcecode.c.h; path = "UIColor+SPStyle.h"; sourceTree = "<group>"; };
		19A17CC287012F6838D1B2A1 /* SPOfferTypeLabel.m */ = {isa = PBXFileReference; fileEncoding = 4; lastKnownFileType = sourcecode.c.objc; path = SPOfferTypeLabel.m; sourceTree = "<group>"; };
		19A17CCB87C573A6102D2CE7 /* SPOffersViewController.h */ = {isa = PBXFileReference; fileEncoding = 4; lastKnownFileType = sourcecode.c.h; path = SPOffersViewController.h; sourceTree = "<group>"; };
		19A17CCDF5F8298F154E4424 /* NSNumber+SPFormat.m */ = {isa = PBXFileReference; fileEncoding = 4; lastKnownFileType = sourcecode.c.objc; path = "NSNumber+SPFormat.m"; sourceTree = "<group>"; };
		19A17CD601A75B0D0E001F5C /* SPSettingsViewController.h */ = {isa = PBXFileReference; fileEncoding = 4; lastKnownFileType = sourcecode.c.h; path = SPSettingsViewController.h; sourceTree = "<group>"; };
		19A17DDF9880BA1FFC6DBE1A /* UIFont+SPStyle.h */ = {isa = PBXFileReference; fileEncoding = 4; lastKnownFileType = sourcecode.c.h; path = "UIFont+SPStyle.h"; sourceTree = "<group>"; };
		19A17F16FAB6BE8CEBC218FA /* SPSettingsViewController.m */ = {isa = PBXFileReference; fileEncoding = 4; lastKnownFileType = sourcecode.c.objc; path = SPSettingsViewController.m; sourceTree = "<group>"; };
		19A17F355B0D6A69CA70B36A /* UIFont+SPStyle.m */ = {isa = PBXFileReference; fileEncoding = 4; lastKnownFileType = sourcecode.c.objc; path = "UIFont+SPStyle.m"; sourceTree = "<group>"; };
		19A17FA678BF41A4458EDF00 /* NSNumber+SPFormat.h */ = {isa = PBXFileReference; fileEncoding = 4; lastKnownFileType = sourcecode.c.h; path = "NSNumber+SPFormat.h"; sourceTree = "<group>"; };
		3DB92DCE19082E27009124AE /* SponsorPayApp.app */ = {isa = PBXFileReference; explicitFileType = wrapper.application; includeInIndex = 0; path = SponsorPayApp.app; sourceTree = BUILT_PRODUCTS_DIR; };
		3DB92DD119082E27009124AE /* Foundation.framework */ = {isa = PBXFileReference; lastKnownFileType = wrapper.framework; name = Foundation.framework; path = System/Library/Frameworks/Foundation.framework; sourceTree = SDKROOT; };
		3DB92DD319082E27009124AE /* CoreGraphics.framework */ = {isa = PBXFileReference; lastKnownFileType = wrapper.framework; name = CoreGraphics.framework; path = System/Library/Frameworks/CoreGraphics.framework; sourceTree = SDKROOT; };
		3DB92DD519082E27009124AE /* UIKit.framework */ = {isa = PBXFileReference; lastKnownFileType = wrapper.framework; name = UIKit.framework; path = System/Library/Frameworks/UIKit.framework; sourceTree = SDKROOT; };
		3DB92DD919082E27009124AE /* SponsorPayApp-Info.plist */ = {isa = PBXFileReference; lastKnownFileType = text.plist.xml; path = "SponsorPayApp-Info.plist"; sourceTree = "<group>"; };
		3DB92DDB19082E27009124AE /* en */ = {isa = PBXFileReference; lastKnownFileType = text.plist.strings; name = en; path = en.lproj/InfoPlist.strings; sourceTree = "<group>"; };
		3DB92DDD19082E27009124AE /* main.m */ = {isa = PBXFileReference; lastKnownFileType = sourcecode.c.objc; path = main.m; sourceTree = "<group>"; };
		3DB92DDF19082E27009124AE /* SponsorPayApp-Prefix.pch */ = {isa = PBXFileReference; lastKnownFileType = sourcecode.c.h; path = "SponsorPayApp-Prefix.pch"; sourceTree = "<group>"; };
		3DB92DE319082E27009124AE /* Images.xcassets */ = {isa = PBXFileReference; lastKnownFileType = folder.assetcatalog; name = Images.xcassets; path = ../Images.xcassets; sourceTree = "<group>"; };
		3DB92DE919082E27009124AE /* SponsorPayAppTests.xctest */ = {isa = PBXFileReference; explicitFileType = wrapper.cfbundle; includeInIndex = 0; path = SponsorPayAppTests.xctest; sourceTree = BUILT_PRODUCTS_DIR; };
		3DB92DEA19082E27009124AE /* XCTest.framework */ = {isa = PBXFileReference; lastKnownFileType = wrapper.framework; name = XCTest.framework; path = Library/Frameworks/XCTest.framework; sourceTree = DEVELOPER_DIR; };
		3DB92DF219082E27009124AE /* SponsorPayAppTests-Info.plist */ = {isa = PBXFileReference; lastKnownFileType = text.plist.xml; path = "SponsorPayAppTests-Info.plist"; sourceTree = "<group>"; };
		3DB92DF419082E27009124AE /* en */ = {isa = PBXFileReference; lastKnownFileType = text.plist.strings; name = en; path = en.lproj/InfoPlist.strings; sourceTree = "<group>"; };
		3DB92DF619082E27009124AE /* SponsorPayAppTests.m */ = {isa = PBXFileReference; lastKnownFileType = sourcecode.c.objc; path = SponsorPayAppTests.m; sourceTree = "<group>"; };
		3DB92E00190834DD009124AE /* libSponsorPaySDK.a */ = {isa = PBXFileReference; lastKnownFileType = archive.ar; name = libSponsorPaySDK.a; path = "../SponsorPaySDK/build/Debug-iphoneos/libSponsorPaySDK.a"; sourceTree = "<group>"; };
		3DBC5B4E190BDD7D002A4EC9 /* AdSupport.framework */ = {isa = PBXFileReference; lastKnownFileType = wrapper.framework; name = AdSupport.framework; path = System/Library/Frameworks/AdSupport.framework; sourceTree = SDKROOT; };
		3DBC5B53190BF56A002A4EC9 /* SDWebImage.framework */ = {isa = PBXFileReference; lastKnownFileType = wrapper.framework; path = SDWebImage.framework; sourceTree = "<group>"; };
		3DBC5B55190BF751002A4EC9 /* ImageIO.framework */ = {isa = PBXFileReference; lastKnownFileType = wrapper.framework; name = ImageIO.framework; path = System/Library/Frameworks/ImageIO.framework; sourceTree = SDKROOT; };
		D91FC60E8EB8F803EE9B6772 /* NSError+SPUIError.m */ = {isa = PBXFileReference; fileEncoding = 4; lastKnownFileType = sourcecode.c.objc; path = "NSError+SPUIError.m"; sourceTree = "<group>"; };
		D91FC9F5CD67103A00F1D49B /* NSError+SPUIError.h */ = {isa = PBXFileReference; fileEncoding = 4; lastKnownFileType = sourcecode.c.h; path = "NSError+SPUIError.h"; sourceTree = "<group>"; };
/* End PBXFileReference section */

/* Begin PBXFrameworksBuildPhase section */
		3DB92DCB19082E27009124AE /* Frameworks */ = {
			isa = PBXFrameworksBuildPhase;
			buildActionMask = 2147483647;
			files = (
				3DBC5B56190BF751002A4EC9 /* ImageIO.framework in Frameworks */,
				3DBC5B4F190BDD7D002A4EC9 /* AdSupport.framework in Frameworks */,
				3DB92E01190834DD009124AE /* libSponsorPaySDK.a in Frameworks */,
				3DB92DD419082E27009124AE /* CoreGraphics.framework in Frameworks */,
				3DBC5B54190BF56A002A4EC9 /* SDWebImage.framework in Frameworks */,
				3DB92DD619082E27009124AE /* UIKit.framework in Frameworks */,
				3DB92DD219082E27009124AE /* Foundation.framework in Frameworks */,
			);
			runOnlyForDeploymentPostprocessing = 0;
		};
		3DB92DE619082E27009124AE /* Frameworks */ = {
			isa = PBXFrameworksBuildPhase;
			buildActionMask = 2147483647;
			files = (
				3DB92DEB19082E27009124AE /* XCTest.framework in Frameworks */,
				3DB92DED19082E27009124AE /* UIKit.framework in Frameworks */,
				3DB92DEC19082E27009124AE /* Foundation.framework in Frameworks */,
			);
			runOnlyForDeploymentPostprocessing = 0;
		};
/* End PBXFrameworksBuildPhase section */

/* Begin PBXGroup section */
		19A17008D5E0196F1D930B50 /* Style */ = {
			isa = PBXGroup;
			children = (
				19A17F355B0D6A69CA70B36A /* UIFont+SPStyle.m */,
				19A17DDF9880BA1FFC6DBE1A /* UIFont+SPStyle.h */,
				19A171453AD78D940CFDCF71 /* UIColor+SPStyle.m */,
				19A17C3B9034D4BBBD850F10 /* UIColor+SPStyle.h */,
			);
			path = Style;
			sourceTree = "<group>";
		};
		19A173EC04AD6F78D8FE212D /* Controllers */ = {
			isa = PBXGroup;
			children = (
				19A17CCB87C573A6102D2CE7 /* SPOffersViewController.h */,
				19A1736AD0692F49F835442A /* SPOffersViewController.m */,
				19A17CD601A75B0D0E001F5C /* SPSettingsViewController.h */,
				19A17F16FAB6BE8CEBC218FA /* SPSettingsViewController.m */,
			);
			path = Controllers;
			sourceTree = "<group>";
		};
		19A17719BE1C408C085E3997 /* Resources */ = {
			isa = PBXGroup;
			children = (
				19A173A9F81B54EE54BDC0F4 /* Localizable.strings */,
				3DB92DE319082E27009124AE /* Images.xcassets */,
				19A1797BD2E864B461A8E74B /* Test Files */,
			);
			path = Resources;
			sourceTree = "<group>";
		};
		19A1776C15559A9737B82B8C /* Categories */ = {
			isa = PBXGroup;
			children = (
				19A17CCDF5F8298F154E4424 /* NSNumber+SPFormat.m */,
				19A17FA678BF41A4458EDF00 /* NSNumber+SPFormat.h */,
				D91FC60E8EB8F803EE9B6772 /* NSError+SPUIError.m */,
				D91FC9F5CD67103A00F1D49B /* NSError+SPUIError.h */,
			);
			path = Categories;
			sourceTree = "<group>";
		};
		19A1796B264E9E63049A4225 /* Views */ = {
			isa = PBXGroup;
			children = (
				19A17E6C9CB3EE30496AF1CD /* Table Cells */,
				19A17BD8561F9495AC5B3AD0 /* Labels */,
				19A1706C138EE926A8878537 /* SPOfferTypesView.h */,
				19A179D8DB53488745EC2830 /* SPOfferTypesView.m */,
			);
			path = Views;
			sourceTree = "<group>";
		};
		19A1797BD2E864B461A8E74B /* Test Files */ = {
			isa = PBXGroup;
			children = (
				19A1779169A09053F06DE811 /* response.json */,
			);
			path = "Test Files";
			sourceTree = "<group>";
		};
		19A17BD8561F9495AC5B3AD0 /* Labels */ = {
			isa = PBXGroup;
			children = (
				19A17CC287012F6838D1B2A1 /* SPOfferTypeLabel.m */,
				19A17A38EEE3D52C8AF833CE /* SPOfferTypeLabel.h */,
			);
			path = Labels;
			sourceTree = "<group>";
		};
		19A17C1DD36CF3CCFDE16A82 /* Sources */ = {
			isa = PBXGroup;
			children = (
				19A17CD1296FFD9C28A8AD2E /* Application */,
				19A1796B264E9E63049A4225 /* Views */,
				19A173EC04AD6F78D8FE212D /* Controllers */,
				19A1776C15559A9737B82B8C /* Categories */,
				19A17008D5E0196F1D930B50 /* Style */,
			);
			path = Sources;
			sourceTree = "<group>";
		};
		19A17CD1296FFD9C28A8AD2E /* Application */ = {
			isa = PBXGroup;
			children = (
				19A176C096AF3A5F926EA0AD /* SPAppDelegate.h */,
				19A17571C16C9A448B5E32CD /* SPAppDelegate.m */,
			);
			path = Application;
			sourceTree = "<group>";
		};
		19A17E6C9CB3EE30496AF1CD /* Table Cells */ = {
			isa = PBXGroup;
			children = (
				19A1751AEC0D62F51C9AAE94 /* SPOfferTableViewCell.h */,
				19A178A618C75EA568F6DF9F /* SPOfferTableViewCell.m */,
				19A173B138A7F5D80A83F394 /* SPLoadingCell.m */,
				19A17ABCF2A02B6974F278A4 /* SPLoadingCell.h */,
			);
			path = "Table Cells";
			sourceTree = "<group>";
		};
		3DB92DC519082E27009124AE = {
			isa = PBXGroup;
			children = (
				3DB92DD719082E27009124AE /* SponsorPayApp */,
				3DB92DF019082E27009124AE /* SponsorPayAppTests */,
				3DB92DD019082E27009124AE /* Frameworks */,
				3DB92DCF19082E27009124AE /* Products */,
			);
			sourceTree = "<group>";
		};
		3DB92DCF19082E27009124AE /* Products */ = {
			isa = PBXGroup;
			children = (
				3DB92DCE19082E27009124AE /* SponsorPayApp.app */,
				3DB92DE919082E27009124AE /* SponsorPayAppTests.xctest */,
			);
			name = Products;
			sourceTree = "<group>";
		};
		3DB92DD019082E27009124AE /* Frameworks */ = {
			isa = PBXGroup;
			children = (
				3DBC5B55190BF751002A4EC9 /* ImageIO.framework */,
				3DBC5B4E190BDD7D002A4EC9 /* AdSupport.framework */,
				3DB92E00190834DD009124AE /* libSponsorPaySDK.a */,
				3DB92DD119082E27009124AE /* Foundation.framework */,
				3DB92DD319082E27009124AE /* CoreGraphics.framework */,
				3DB92DD519082E27009124AE /* UIKit.framework */,
				3DB92DEA19082E27009124AE /* XCTest.framework */,
			);
			name = Frameworks;
			sourceTree = "<group>";
		};
		3DB92DD719082E27009124AE /* SponsorPayApp */ = {
			isa = PBXGroup;
			children = (
				3DBC5B52190BF56A002A4EC9 /* 3rdParty */,
				3DB92DD819082E27009124AE /* Supporting Files */,
				19A17C1DD36CF3CCFDE16A82 /* Sources */,
				19A17719BE1C408C085E3997 /* Resources */,
			);
			path = SponsorPayApp;
			sourceTree = "<group>";
		};
		3DB92DD819082E27009124AE /* Supporting Files */ = {
			isa = PBXGroup;
			children = (
				3DB92DD919082E27009124AE /* SponsorPayApp-Info.plist */,
				3DB92DDA19082E27009124AE /* InfoPlist.strings */,
				3DB92DDD19082E27009124AE /* main.m */,
				3DB92DDF19082E27009124AE /* SponsorPayApp-Prefix.pch */,
			);
			name = "Supporting Files";
			sourceTree = "<group>";
		};
		3DB92DF019082E27009124AE /* SponsorPayAppTests */ = {
			isa = PBXGroup;
			children = (
				3DB92DF619082E27009124AE /* SponsorPayAppTests.m */,
				3DB92DF119082E27009124AE /* Supporting Files */,
			);
			path = SponsorPayAppTests;
			sourceTree = "<group>";
		};
		3DB92DF119082E27009124AE /* Supporting Files */ = {
			isa = PBXGroup;
			children = (
				3DB92DF219082E27009124AE /* SponsorPayAppTests-Info.plist */,
				3DB92DF319082E27009124AE /* InfoPlist.strings */,
			);
			name = "Supporting Files";
			sourceTree = "<group>";
		};
		3DBC5B52190BF56A002A4EC9 /* 3rdParty */ = {
			isa = PBXGroup;
			children = (
				3DBC5B53190BF56A002A4EC9 /* SDWebImage.framework */,
			);
			path = 3rdParty;
			sourceTree = "<group>";
		};
/* End PBXGroup section */

/* Begin PBXNativeTarget section */
		3DB92DCD19082E27009124AE /* SponsorPayApp */ = {
			isa = PBXNativeTarget;
			buildConfigurationList = 3DB92DFA19082E27009124AE /* Build configuration list for PBXNativeTarget "SponsorPayApp" */;
			buildPhases = (
				3DB92DCA19082E27009124AE /* Sources */,
				3DB92DCB19082E27009124AE /* Frameworks */,
				3DB92DCC19082E27009124AE /* Resources */,
			);
			buildRules = (
			);
			dependencies = (
			);
			name = SponsorPayApp;
			productName = SponsorPayApp;
			productReference = 3DB92DCE19082E27009124AE /* SponsorPayApp.app */;
			productType = "com.apple.product-type.application";
		};
		3DB92DE819082E27009124AE /* SponsorPayAppTests */ = {
			isa = PBXNativeTarget;
			buildConfigurationList = 3DB92DFD19082E27009124AE /* Build configuration list for PBXNativeTarget "SponsorPayAppTests" */;
			buildPhases = (
				3DB92DE519082E27009124AE /* Sources */,
				3DB92DE619082E27009124AE /* Frameworks */,
				3DB92DE719082E27009124AE /* Resources */,
			);
			buildRules = (
			);
			dependencies = (
				3DB92DEF19082E27009124AE /* PBXTargetDependency */,
			);
			name = SponsorPayAppTests;
			productName = SponsorPayAppTests;
			productReference = 3DB92DE919082E27009124AE /* SponsorPayAppTests.xctest */;
			productType = "com.apple.product-type.bundle.unit-test";
		};
/* End PBXNativeTarget section */

/* Begin PBXProject section */
		3DB92DC619082E27009124AE /* Project object */ = {
			isa = PBXProject;
			attributes = {
				CLASSPREFIX = SP;
				LastUpgradeCheck = 0510;
				ORGANIZATIONNAME = "Tequila Apps";
				TargetAttributes = {
					3DB92DE819082E27009124AE = {
						TestTargetID = 3DB92DCD19082E27009124AE;
					};
				};
			};
			buildConfigurationList = 3DB92DC919082E27009124AE /* Build configuration list for PBXProject "SponsorPayApp" */;
			compatibilityVersion = "Xcode 3.2";
			developmentRegion = English;
			hasScannedForEncodings = 0;
			knownRegions = (
				en,
			);
			mainGroup = 3DB92DC519082E27009124AE;
			productRefGroup = 3DB92DCF19082E27009124AE /* Products */;
			projectDirPath = "";
			projectRoot = "";
			targets = (
				3DB92DCD19082E27009124AE /* SponsorPayApp */,
				3DB92DE819082E27009124AE /* SponsorPayAppTests */,
			);
		};
/* End PBXProject section */

/* Begin PBXResourcesBuildPhase section */
		3DB92DCC19082E27009124AE /* Resources */ = {
			isa = PBXResourcesBuildPhase;
			buildActionMask = 2147483647;
			files = (
				3DB92DDC19082E27009124AE /* InfoPlist.strings in Resources */,
				3DB92DE419082E27009124AE /* Images.xcassets in Resources */,
				19A171CA5D44E71CBB4D2338 /* response.json in Resources */,
				19A17840B00A051C29797F11 /* Localizable.strings in Resources */,
			);
			runOnlyForDeploymentPostprocessing = 0;
		};
		3DB92DE719082E27009124AE /* Resources */ = {
			isa = PBXResourcesBuildPhase;
			buildActionMask = 2147483647;
			files = (
				3DB92DF519082E27009124AE /* InfoPlist.strings in Resources */,
			);
			runOnlyForDeploymentPostprocessing = 0;
		};
/* End PBXResourcesBuildPhase section */

/* Begin PBXSourcesBuildPhase section */
		3DB92DCA19082E27009124AE /* Sources */ = {
			isa = PBXSourcesBuildPhase;
			buildActionMask = 2147483647;
			files = (
				3DB92DDE19082E27009124AE /* main.m in Sources */,
				19A172EE61BB6312C22AA9C7 /* SPAppDelegate.m in Sources */,
				19A17E3B39DE9C0A3F709F75 /* SPOffersViewController.m in Sources */,
				19A1718129D1619D004209B9 /* SPOfferTableViewCell.m in Sources */,
				19A17743B577C0C1123DE11F /* NSNumber+SPFormat.m in Sources */,
				19A17EB4ADD0BD9F97A343D7 /* UIFont+SPStyle.m in Sources */,
				19A1745E5C86DBC768D9103B /* UIColor+SPStyle.m in Sources */,
				19A17A264EF9861C3192E34B /* SPOfferTypeLabel.m in Sources */,
				19A171853A72037548C516B2 /* SPOfferTypesView.m in Sources */,
				19A17C77852621C0C1918DC0 /* SPSettingsViewController.m in Sources */,
				19A170C918E7297B63E9603F /* SPLoadingCell.m in Sources */,
				D91FCCF82B9BBA66EFF0AE30 /* NSError+SPUIError.m in Sources */,
			);
			runOnlyForDeploymentPostprocessing = 0;
		};
		3DB92DE519082E27009124AE /* Sources */ = {
			isa = PBXSourcesBuildPhase;
			buildActionMask = 2147483647;
			files = (
				3DB92DF719082E27009124AE /* SponsorPayAppTests.m in Sources */,
			);
			runOnlyForDeploymentPostprocessing = 0;
		};
/* End PBXSourcesBuildPhase section */

/* Begin PBXTargetDependency section */
		3DB92DEF19082E27009124AE /* PBXTargetDependency */ = {
			isa = PBXTargetDependency;
			target = 3DB92DCD19082E27009124AE /* SponsorPayApp */;
			targetProxy = 3DB92DEE19082E27009124AE /* PBXContainerItemProxy */;
		};
/* End PBXTargetDependency section */

/* Begin PBXVariantGroup section */
		3DB92DDA19082E27009124AE /* InfoPlist.strings */ = {
			isa = PBXVariantGroup;
			children = (
				3DB92DDB19082E27009124AE /* en */,
			);
			name = InfoPlist.strings;
			sourceTree = "<group>";
		};
		3DB92DF319082E27009124AE /* InfoPlist.strings */ = {
			isa = PBXVariantGroup;
			children = (
				3DB92DF419082E27009124AE /* en */,
			);
			name = InfoPlist.strings;
			sourceTree = "<group>";
		};
/* End PBXVariantGroup section */

/* Begin XCBuildConfiguration section */
		3DB92DF819082E27009124AE /* Debug */ = {
			isa = XCBuildConfiguration;
			buildSettings = {
				ALWAYS_SEARCH_USER_PATHS = NO;
				CLANG_CXX_LANGUAGE_STANDARD = "gnu++0x";
				CLANG_CXX_LIBRARY = "libc++";
				CLANG_ENABLE_MODULES = YES;
				CLANG_ENABLE_OBJC_ARC = YES;
				CLANG_WARN_BOOL_CONVERSION = YES;
				CLANG_WARN_CONSTANT_CONVERSION = YES;
				CLANG_WARN_DIRECT_OBJC_ISA_USAGE = YES_ERROR;
				CLANG_WARN_EMPTY_BODY = YES;
				CLANG_WARN_ENUM_CONVERSION = YES;
				CLANG_WARN_INT_CONVERSION = YES;
				CLANG_WARN_OBJC_ROOT_CLASS = YES_ERROR;
				CLANG_WARN__DUPLICATE_METHOD_MATCH = YES;
				"CODE_SIGN_IDENTITY[sdk=iphoneos*]" = "iPhone Developer";
				COPY_PHASE_STRIP = NO;
				GCC_C_LANGUAGE_STANDARD = gnu99;
				GCC_DYNAMIC_NO_PIC = NO;
				GCC_OPTIMIZATION_LEVEL = 0;
				GCC_PREPROCESSOR_DEFINITIONS = (
					"DEBUG=1",
					"$(inherited)",
				);
				GCC_SYMBOLS_PRIVATE_EXTERN = NO;
				GCC_WARN_64_TO_32_BIT_CONVERSION = YES;
				GCC_WARN_ABOUT_RETURN_TYPE = YES_ERROR;
				GCC_WARN_UNDECLARED_SELECTOR = YES;
				GCC_WARN_UNINITIALIZED_AUTOS = YES_AGGRESSIVE;
				GCC_WARN_UNUSED_FUNCTION = YES;
				GCC_WARN_UNUSED_VARIABLE = YES;
				IPHONEOS_DEPLOYMENT_TARGET = 7.1;
				ONLY_ACTIVE_ARCH = YES;
				SDKROOT = iphoneos;
			};
			name = Debug;
		};
		3DB92DF919082E27009124AE /* Release */ = {
			isa = XCBuildConfiguration;
			buildSettings = {
				ALWAYS_SEARCH_USER_PATHS = NO;
				CLANG_CXX_LANGUAGE_STANDARD = "gnu++0x";
				CLANG_CXX_LIBRARY = "libc++";
				CLANG_ENABLE_MODULES = YES;
				CLANG_ENABLE_OBJC_ARC = YES;
				CLANG_WARN_BOOL_CONVERSION = YES;
				CLANG_WARN_CONSTANT_CONVERSION = YES;
				CLANG_WARN_DIRECT_OBJC_ISA_USAGE = YES_ERROR;
				CLANG_WARN_EMPTY_BODY = YES;
				CLANG_WARN_ENUM_CONVERSION = YES;
				CLANG_WARN_INT_CONVERSION = YES;
				CLANG_WARN_OBJC_ROOT_CLASS = YES_ERROR;
				CLANG_WARN__DUPLICATE_METHOD_MATCH = YES;
				"CODE_SIGN_IDENTITY[sdk=iphoneos*]" = "iPhone Developer";
				COPY_PHASE_STRIP = YES;
				ENABLE_NS_ASSERTIONS = NO;
				GCC_C_LANGUAGE_STANDARD = gnu99;
				GCC_WARN_64_TO_32_BIT_CONVERSION = YES;
				GCC_WARN_ABOUT_RETURN_TYPE = YES_ERROR;
				GCC_WARN_UNDECLARED_SELECTOR = YES;
				GCC_WARN_UNINITIALIZED_AUTOS = YES_AGGRESSIVE;
				GCC_WARN_UNUSED_FUNCTION = YES;
				GCC_WARN_UNUSED_VARIABLE = YES;
				IPHONEOS_DEPLOYMENT_TARGET = 7.1;
				SDKROOT = iphoneos;
				VALIDATE_PRODUCT = YES;
			};
			name = Release;
		};
		3DB92DFB19082E27009124AE /* Debug */ = {
			isa = XCBuildConfiguration;
			buildSettings = {
				ASSETCATALOG_COMPILER_APPICON_NAME = AppIcon;
				ASSETCATALOG_COMPILER_LAUNCHIMAGE_NAME = LaunchImage;
				FRAMEWORK_SEARCH_PATHS = (
					"$(inherited)",
					"$(PROJECT_DIR)/SponsorPayApp/3rdParty",
				);
				GCC_PRECOMPILE_PREFIX_HEADER = YES;
				GCC_PREFIX_HEADER = "SponsorPayApp/SponsorPayApp-Prefix.pch";
				INFOPLIST_FILE = "SponsorPayApp/SponsorPayApp-Info.plist";
				LIBRARY_SEARCH_PATHS = "$(inherited)";
				OTHER_LDFLAGS = "-ObjC";
				PRODUCT_NAME = "$(TARGET_NAME)";
				USER_HEADER_SEARCH_PATHS = "\"${PROJECT_DIR}/../SponsorPaySDK\"/** \"${PROJECT_DIR}/../SponsorPaySDK\"/**";
				WRAPPER_EXTENSION = app;
			};
			name = Debug;
		};
		3DB92DFC19082E27009124AE /* Release */ = {
			isa = XCBuildConfiguration;
			buildSettings = {
				ASSETCATALOG_COMPILER_APPICON_NAME = AppIcon;
				ASSETCATALOG_COMPILER_LAUNCHIMAGE_NAME = LaunchImage;
				FRAMEWORK_SEARCH_PATHS = (
					"$(inherited)",
					"$(PROJECT_DIR)/SponsorPayApp/3rdParty",
				);
				GCC_PRECOMPILE_PREFIX_HEADER = YES;
				GCC_PREFIX_HEADER = "SponsorPayApp/SponsorPayApp-Prefix.pch";
				INFOPLIST_FILE = "SponsorPayApp/SponsorPayApp-Info.plist";
				LIBRARY_SEARCH_PATHS = "$(inherited)";
				OTHER_LDFLAGS = "-ObjC";
				PRODUCT_NAME = "$(TARGET_NAME)";
				USER_HEADER_SEARCH_PATHS = "\"${PROJECT_DIR}/../SponsorPaySDK\"/** \"${PROJECT_DIR}/../SponsorPaySDK\"/**";
				WRAPPER_EXTENSION = app;
			};
			name = Release;
		};
		3DB92DFE19082E27009124AE /* Debug */ = {
			isa = XCBuildConfiguration;
			buildSettings = {
				BUNDLE_LOADER = "$(BUILT_PRODUCTS_DIR)/SponsorPayApp.app/SponsorPayApp";
				FRAMEWORK_SEARCH_PATHS = (
					"$(SDKROOT)/Developer/Library/Frameworks",
					"$(inherited)",
					"$(DEVELOPER_FRAMEWORKS_DIR)",
				);
				GCC_PRECOMPILE_PREFIX_HEADER = YES;
				GCC_PREFIX_HEADER = "SponsorPayApp/SponsorPayApp-Prefix.pch";
				GCC_PREPROCESSOR_DEFINITIONS = (
					"DEBUG=1",
					"$(inherited)",
				);
				INFOPLIST_FILE = "SponsorPayAppTests/SponsorPayAppTests-Info.plist";
				PRODUCT_NAME = "$(TARGET_NAME)";
				TEST_HOST = "$(BUNDLE_LOADER)";
				WRAPPER_EXTENSION = xctest;
			};
			name = Debug;
		};
		3DB92DFF19082E27009124AE /* Release */ = {
			isa = XCBuildConfiguration;
			buildSettings = {
				BUNDLE_LOADER = "$(BUILT_PRODUCTS_DIR)/SponsorPayApp.app/SponsorPayApp";
				FRAMEWORK_SEARCH_PATHS = (
					"$(SDKROOT)/Developer/Library/Frameworks",
					"$(inherited)",
					"$(DEVELOPER_FRAMEWORKS_DIR)",
				);
				GCC_PRECOMPILE_PREFIX_HEADER = YES;
				GCC_PREFIX_HEADER = "SponsorPayApp/SponsorPayApp-Prefix.pch";
				INFOPLIST_FILE = "SponsorPayAppTests/SponsorPayAppTests-Info.plist";
				PRODUCT_NAME = "$(TARGET_NAME)";
				TEST_HOST = "$(BUNDLE_LOADER)";
				WRAPPER_EXTENSION = xctest;
			};
			name = Release;
		};
/* End XCBuildConfiguration section */

/* Begin XCConfigurationList section */
		3DB92DC919082E27009124AE /* Build configuration list for PBXProject "SponsorPayApp" */ = {
			isa = XCConfigurationList;
			buildConfigurations = (
				3DB92DF819082E27009124AE /* Debug */,
				3DB92DF919082E27009124AE /* Release */,
			);
			defaultConfigurationIsVisible = 0;
			defaultConfigurationName = Release;
		};
		3DB92DFA19082E27009124AE /* Build configuration list for PBXNativeTarget "SponsorPayApp" */ = {
			isa = XCConfigurationList;
			buildConfigurations = (
				3DB92DFB19082E27009124AE /* Debug */,
				3DB92DFC19082E27009124AE /* Release */,
			);
			defaultConfigurationIsVisible = 0;
			defaultConfigurationName = Release;
		};
		3DB92DFD19082E27009124AE /* Build configuration list for PBXNativeTarget "SponsorPayAppTests" */ = {
			isa = XCConfigurationList;
			buildConfigurations = (
				3DB92DFE19082E27009124AE /* Debug */,
				3DB92DFF19082E27009124AE /* Release */,
			);
			defaultConfigurationIsVisible = 0;
			defaultConfigurationName = Release;
		};
/* End XCConfigurationList section */
	};
	rootObject = 3DB92DC619082E27009124AE /* Project object */;
}
